
Microsoft Visual Studio Solution File, Format Version 12.00
# Visual Studio Version 16
VisualStudioVersion = 16.0.29001.49
MinimumVisualStudioVersion = 10.0.40219.1
Project("{FAE04EC0-301F-11D3-BF4B-00C04F79EFBC}") = "Ejercicio1", "Ejercicio1\Ejercicio1.csproj", "{50E61CE6-DDB8-4FE8-A417-7E0DDCF0F1BA}"
EndProject
Global
	GlobalSection(SolutionConfigurationPlatforms) = preSolution
		Debug|Any CPU = Debug|Any CPU
		Release|Any CPU = Release|Any CPU
	EndGlobalSection
	GlobalSection(ProjectConfigurationPlatforms) = postSolution
		{50E61CE6-DDB8-4FE8-A417-7E0DDCF0F1BA}.Debug|Any CPU.ActiveCfg = Debug|Any CPU
		{50E61CE6-DDB8-4FE8-A417-7E0DDCF0F1BA}.Debug|Any CPU.Build.0 = Debug|Any CPU
		{50E61CE6-DDB8-4FE8-A417-7E0DDCF0F1BA}.Release|Any CPU.ActiveCfg = Release|Any CPU
		{50E61CE6-DDB8-4FE8-A417-7E0DDCF0F1BA}.Release|Any CPU.Build.0 = Release|Any CPU
	EndGlobalSection
	GlobalSection(SolutionProperties) = preSolution
		HideSolutionNode = FALSE
	EndGlobalSection
	GlobalSection(ExtensibilityGlobals) = postSolution
		SolutionGuid = {179F916F-7BFB-4B46-A247-AC67061880C4}
	EndGlobalSection
EndGlobal
